
Microsoft Visual Studio Solution File, Format Version 12.00
# Visual Studio Version 16
VisualStudioVersion = 16.0.31105.61
MinimumVisualStudioVersion = 10.0.40219.1
Project("{9A19103F-16F7-4668-BE54-9A1E7A4F7556}") = "Business", "Business\Business.csproj", "{4FC37CEB-61D0-4295-839C-F7EF2465A308}"
EndProject
Project("{9A19103F-16F7-4668-BE54-9A1E7A4F7556}") = "Presentation", "Presentation\Presentation.csproj", "{36DEB1E4-4D48-4CBB-B911-2D7D049AD617}"
EndProject
Project("{FAE04EC0-301F-11D3-BF4B-00C04F79EFBC}") = "Test", "Test\Test.csproj", "{5EF6F98F-227B-45EB-B3DC-A1D033EDCBB9}"
EndProject
Global
	GlobalSection(SolutionConfigurationPlatforms) = preSolution
		Debug|Any CPU = Debug|Any CPU
		Release|Any CPU = Release|Any CPU
	EndGlobalSection
	GlobalSection(ProjectConfigurationPlatforms) = postSolution
		{4FC37CEB-61D0-4295-839C-F7EF2465A308}.Debug|Any CPU.ActiveCfg = Debug|Any CPU
		{4FC37CEB-61D0-4295-839C-F7EF2465A308}.Debug|Any CPU.Build.0 = Debug|Any CPU
		{4FC37CEB-61D0-4295-839C-F7EF2465A308}.Release|Any CPU.ActiveCfg = Release|Any CPU
		{4FC37CEB-61D0-4295-839C-F7EF2465A308}.Release|Any CPU.Build.0 = Release|Any CPU
		{36DEB1E4-4D48-4CBB-B911-2D7D049AD617}.Debug|Any CPU.ActiveCfg = Debug|Any CPU
		{36DEB1E4-4D48-4CBB-B911-2D7D049AD617}.Debug|Any CPU.Build.0 = Debug|Any CPU
		{36DEB1E4-4D48-4CBB-B911-2D7D049AD617}.Release|Any CPU.ActiveCfg = Release|Any CPU
		{36DEB1E4-4D48-4CBB-B911-2D7D049AD617}.Release|Any CPU.Build.0 = Release|Any CPU
		{5EF6F98F-227B-45EB-B3DC-A1D033EDCBB9}.Debug|Any CPU.ActiveCfg = Debug|Any CPU
		{5EF6F98F-227B-45EB-B3DC-A1D033EDCBB9}.Debug|Any CPU.Build.0 = Debug|Any CPU
		{5EF6F98F-227B-45EB-B3DC-A1D033EDCBB9}.Release|Any CPU.ActiveCfg = Release|Any CPU
		{5EF6F98F-227B-45EB-B3DC-A1D033EDCBB9}.Release|Any CPU.Build.0 = Release|Any CPU
	EndGlobalSection
	GlobalSection(SolutionProperties) = preSolution
		HideSolutionNode = FALSE
	EndGlobalSection
	GlobalSection(ExtensibilityGlobals) = postSolution
		SolutionGuid = {B475A066-5F3B-4CF3-B9D8-39F7906880A4}
	EndGlobalSection
EndGlobal
